{
  "name": "cua",
  "version": "0.1.0",
  "lockfileVersion": 3,
  "requires": true,
  "packages": {
    "": {
      "name": "cua",
      "version": "0.1.0",
      "dependencies": {
        "ws": "^8.22.0"
      },
      "bin": {
        "cua": "bin/cua.mjs"
      },
      "devDependencies": {
        "node-api-headers": "1.9.0"
      },
      "engines": {
        "node": ">=22.14"
      }
    },
    "node_modules/node-api-headers": {
      "version": "1.9.0",
      "resolved": "https://registry.npmjs.org/node-api-headers/-/node-api-headers-1.9.0.tgz",
      "integrity": "sha512-2oNILP4jXwRB4ywnYKjVk1YyJ96n2D4EOVJO6S3oYZ5PtbJrw3Yt9TpAuX3nBLMuzn74rnfGQrv13pS9vC+YiA==",
      "dev": true,
      "license": "MIT"
    },
    "node_modules/ws": {
      "version": "8.22.0",
      "resolved": "https://registry.npmjs.org/ws/-/ws-8.22.0.tgz",
      "integrity": "sha512-Ydggc987+RO0AnWtZ/7Wq9FtNvcrL1b/RO0ud9mWjUPgDrsAAwQSF51sm2hm1XofbU/4jkpGEsLFsZZxU+1DOg==",
      "license": "MIT",
      "engines": {
        "node": ">=10.0.0"
      },
      "peerDependencies": {
        "bufferutil": "^4.0.1",
        "utf-8-validate": ">=5.0.2"
      },
      "peerDependenciesMeta": {
        "bufferutil": {
          "optional": true
        },
        "utf-8-validate": {
          "optional": true
        }
      }
    }
  }
}
